
Microsoft Visual Studio Solution File, Format Version 12.00
# Visual Studio 14
VisualStudioVersion = 14.0.23107.0
MinimumVisualStudioVersion = 10.0.40219.1
Project("{FAE04EC0-301F-11D3-BF4B-00C04F79EFBC}") = "Week3Lab", "Week3Lab\Week3Lab.csproj", "{86760A43-B613-4383-8A76-8F3B15820563}"
EndProject
Project("{FAE04EC0-301F-11D3-BF4B-00C04F79EFBC}") = "Week3LabConsole", "Week3LabConsole\Week3LabConsole.csproj", "{B961B57F-7AAD-4AE8-822C-086A2E6A580C}"
EndProject
Global
	GlobalSection(SolutionConfigurationPlatforms) = preSolution
		Debug|Any CPU = Debug|Any CPU
		Release|Any CPU = Release|Any CPU
	EndGlobalSection
	GlobalSection(ProjectConfigurationPlatforms) = postSolution
		{86760A43-B613-4383-8A76-8F3B15820563}.Debug|Any CPU.ActiveCfg = Debug|Any CPU
		{86760A43-B613-4383-8A76-8F3B15820563}.Debug|Any CPU.Build.0 = Debug|Any CPU
		{86760A43-B613-4383-8A76-8F3B15820563}.Release|Any CPU.ActiveCfg = Release|Any CPU
		{86760A43-B613-4383-8A76-8F3B15820563}.Release|Any CPU.Build.0 = Release|Any CPU
		{B961B57F-7AAD-4AE8-822C-086A2E6A580C}.Debug|Any CPU.ActiveCfg = Debug|Any CPU
		{B961B57F-7AAD-4AE8-822C-086A2E6A580C}.Debug|Any CPU.Build.0 = Debug|Any CPU
		{B961B57F-7AAD-4AE8-822C-086A2E6A580C}.Release|Any CPU.ActiveCfg = Release|Any CPU
		{B961B57F-7AAD-4AE8-822C-086A2E6A580C}.Release|Any CPU.Build.0 = Release|Any CPU
	EndGlobalSection
	GlobalSection(SolutionProperties) = preSolution
		HideSolutionNode = FALSE
	EndGlobalSection
EndGlobal
